
Microsoft Visual Studio Solution File, Format Version 12.00
# Visual Studio Version 16
VisualStudioVersion = 16.0.31129.286
MinimumVisualStudioVersion = 10.0.40219.1
Project("{9A19103F-16F7-4668-BE54-9A1E7A4F7556}") = "VM Battle Royale Server", "VM Battle Royale Server.csproj", "{0F064CAB-9E15-4346-861F-5FBE85B940BF}"
EndProject
Project("{9A19103F-16F7-4668-BE54-9A1E7A4F7556}") = "VM Battle Royale Host", "..\VM Battle Royale Host\VM Battle Royale Host.csproj", "{CB388E6F-9E24-4161-9A40-F988F1A0E735}"
EndProject
Project("{9A19103F-16F7-4668-BE54-9A1E7A4F7556}") = "VM Battle Royale VM Setup", "..\VM Battle Royale VM\VM Battle Royale VM Setup.csproj", "{46FBD70C-4E7A-4A0C-8036-2049D75C3FAB}"
EndProject
Project("{FAE04EC0-301F-11D3-BF4B-00C04F79EFBC}") = "VM Battle Royale Monitor", "..\VM Battle Royale Monitor\VM Battle Royale Monitor.csproj", "{9EB98455-5EEB-4955-9FEB-4A58984AE93E}"
EndProject
Project("{FAE04EC0-301F-11D3-BF4B-00C04F79EFBC}") = "testing", "..\testing\testing.csproj", "{D8A247C2-45EC-42C4-A359-9AEE242089A8}"
EndProject
Global
	GlobalSection(SolutionConfigurationPlatforms) = preSolution
		Debug|Any CPU = Debug|Any CPU
		Release|Any CPU = Release|Any CPU
	EndGlobalSection
	GlobalSection(ProjectConfigurationPlatforms) = postSolution
		{0F064CAB-9E15-4346-861F-5FBE85B940BF}.Debug|Any CPU.ActiveCfg = Debug|Any CPU
		{0F064CAB-9E15-4346-861F-5FBE85B940BF}.Debug|Any CPU.Build.0 = Debug|Any CPU
		{0F064CAB-9E15-4346-861F-5FBE85B940BF}.Release|Any CPU.ActiveCfg = Release|Any CPU
		{0F064CAB-9E15-4346-861F-5FBE85B940BF}.Release|Any CPU.Build.0 = Release|Any CPU
		{CB388E6F-9E24-4161-9A40-F988F1A0E735}.Debug|Any CPU.ActiveCfg = Debug|Any CPU
		{CB388E6F-9E24-4161-9A40-F988F1A0E735}.Debug|Any CPU.Build.0 = Debug|Any CPU
		{CB388E6F-9E24-4161-9A40-F988F1A0E735}.Release|Any CPU.ActiveCfg = Release|Any CPU
		{CB388E6F-9E24-4161-9A40-F988F1A0E735}.Release|Any CPU.Build.0 = Release|Any CPU
		{46FBD70C-4E7A-4A0C-8036-2049D75C3FAB}.Debug|Any CPU.ActiveCfg = Debug|Any CPU
		{46FBD70C-4E7A-4A0C-8036-2049D75C3FAB}.Debug|Any CPU.Build.0 = Debug|Any CPU
		{46FBD70C-4E7A-4A0C-8036-2049D75C3FAB}.Release|Any CPU.ActiveCfg = Release|Any CPU
		{46FBD70C-4E7A-4A0C-8036-2049D75C3FAB}.Release|Any CPU.Build.0 = Release|Any CPU
		{9EB98455-5EEB-4955-9FEB-4A58984AE93E}.Debug|Any CPU.ActiveCfg = Debug|Any CPU
		{9EB98455-5EEB-4955-9FEB-4A58984AE93E}.Debug|Any CPU.Build.0 = Debug|Any CPU
		{9EB98455-5EEB-4955-9FEB-4A58984AE93E}.Release|Any CPU.ActiveCfg = Release|Any CPU
		{9EB98455-5EEB-4955-9FEB-4A58984AE93E}.Release|Any CPU.Build.0 = Release|Any CPU
		{D8A247C2-45EC-42C4-A359-9AEE242089A8}.Debug|Any CPU.ActiveCfg = Debug|Any CPU
		{D8A247C2-45EC-42C4-A359-9AEE242089A8}.Debug|Any CPU.Build.0 = Debug|Any CPU
		{D8A247C2-45EC-42C4-A359-9AEE242089A8}.Release|Any CPU.ActiveCfg = Release|Any CPU
		{D8A247C2-45EC-42C4-A359-9AEE242089A8}.Release|Any CPU.Build.0 = Release|Any CPU
	EndGlobalSection
	GlobalSection(SolutionProperties) = preSolution
		HideSolutionNode = FALSE
	EndGlobalSection
	GlobalSection(ExtensibilityGlobals) = postSolution
		SolutionGuid = {A1826BDE-25D1-4D0A-9ACA-5B85E2578D9E}
	EndGlobalSection
EndGlobal
